
Microsoft Visual Studio Solution File, Format Version 12.00
# Visual Studio Version 16
VisualStudioVersion = 16.0.29230.47
MinimumVisualStudioVersion = 10.0.40219.1
Project("{FAE04EC0-301F-11D3-BF4B-00C04F79EFBC}") = "File Renamer 9000", "File Renamer 9000\File Renamer 9000.csproj", "{0FD48199-65C7-411F-AD69-97CA602A5102}"
EndProject
Global
	GlobalSection(SolutionConfigurationPlatforms) = preSolution
		Debug|Any CPU = Debug|Any CPU
		Release|Any CPU = Release|Any CPU
	EndGlobalSection
	GlobalSection(ProjectConfigurationPlatforms) = postSolution
		{0FD48199-65C7-411F-AD69-97CA602A5102}.Debug|Any CPU.ActiveCfg = Debug|Any CPU
		{0FD48199-65C7-411F-AD69-97CA602A5102}.Debug|Any CPU.Build.0 = Debug|Any CPU
		{0FD48199-65C7-411F-AD69-97CA602A5102}.Release|Any CPU.ActiveCfg = Release|Any CPU
		{0FD48199-65C7-411F-AD69-97CA602A5102}.Release|Any CPU.Build.0 = Release|Any CPU
	EndGlobalSection
	GlobalSection(SolutionProperties) = preSolution
		HideSolutionNode = FALSE
	EndGlobalSection
	GlobalSection(ExtensibilityGlobals) = postSolution
		SolutionGuid = {D40F0F08-1DFF-4711-BE0F-BB4861FE8922}
	EndGlobalSection
EndGlobal
